
Microsoft Visual Studio Solution File, Format Version 12.00
# Visual Studio Version 16
VisualStudioVersion = 16.0.30114.105
MinimumVisualStudioVersion = 10.0.40219.1
Project("{2150E333-8FDC-42A3-9474-1A3956D46DE8}") = "MO.Servers", "MO.Servers", "{D33B14BB-33F2-423F-B99B-63D08A84AB17}"
EndProject
Project("{2150E333-8FDC-42A3-9474-1A3956D46DE8}") = "MO.Commons", "MO.Commons", "{B4F62E25-C3DB-4463-BD46-4B7E3FAFB640}"
EndProject
Project("{2150E333-8FDC-42A3-9474-1A3956D46DE8}") = "MO.Client", "MO.Client", "{69D51ECA-2889-4DD4-AFD4-0FCACB826C4F}"
EndProject
Project("{9A19103F-16F7-4668-BE54-9A1E7A4F7556}") = "MO.Algorithm", "MO.Commons\MO.Algorithm\MO.Algorithm.csproj", "{D672FD1A-8C67-4D35-A37B-2D42C76EF8AF}"
EndProject
Project("{9A19103F-16F7-4668-BE54-9A1E7A4F7556}") = "MO.Common", "MO.Commons\MO.Common\MO.Common.csproj", "{27B84507-45D3-4839-93CF-2E8C2CB1AC14}"
EndProject
Project("{9A19103F-16F7-4668-BE54-9A1E7A4F7556}") = "MO.Model", "MO.Commons\MO.Model\MO.Model.csproj", "{FA9DD141-690E-4C04-8B9D-15F32908650E}"
EndProject
Project("{9A19103F-16F7-4668-BE54-9A1E7A4F7556}") = "MO.Protocol", "MO.Commons\MO.Protocol\MO.Protocol.csproj", "{AFCC32FF-5A69-41FD-AE7A-65C6A3634C6B}"
EndProject
Project("{9A19103F-16F7-4668-BE54-9A1E7A4F7556}") = "MO.Api", "MO.Servers\MO.Api\MO.Api.csproj", "{F273DBCB-1712-4E37-A017-2F99C7671EA6}"
EndProject
Project("{9A19103F-16F7-4668-BE54-9A1E7A4F7556}") = "MO.Gateway", "MO.Servers\MO.Gateway\MO.Gateway.csproj", "{1844CDC9-D7DE-462F-B864-237BA92E472B}"
EndProject
Project("{9A19103F-16F7-4668-BE54-9A1E7A4F7556}") = "MO.GrainInterfaces", "MO.Servers\MO.GrainInterfaces\MO.GrainInterfaces.csproj", "{8E0EE3AE-DB20-47DA-8F98-07DEEDA67836}"
EndProject
Project("{9A19103F-16F7-4668-BE54-9A1E7A4F7556}") = "MO.Grains", "MO.Servers\MO.Grains\MO.Grains.csproj", "{988D0997-5799-4239-BECF-E5EFF885C9FC}"
EndProject
Project("{9A19103F-16F7-4668-BE54-9A1E7A4F7556}") = "MO.Login", "MO.Servers\MO.Login\MO.Login.csproj", "{FCF51110-49F3-41BD-94D5-6CA34A4336E3}"
EndProject
Project("{9A19103F-16F7-4668-BE54-9A1E7A4F7556}") = "MO.Silo", "MO.Servers\MO.Silo\MO.Silo.csproj", "{FB862315-4726-468E-BAAD-66EE0F462AB3}"
EndProject
Project("{9A19103F-16F7-4668-BE54-9A1E7A4F7556}") = "MO.WpfTest", "MO.Client\MO.WPF\MO.WpfTest.csproj", "{1FF7D2E8-BEE5-4516-A942-A6122A21FCCF}"
EndProject
Global
	GlobalSection(SolutionConfigurationPlatforms) = preSolution
		Debug|Any CPU = Debug|Any CPU
		Release|Any CPU = Release|Any CPU
	EndGlobalSection
	GlobalSection(ProjectConfigurationPlatforms) = postSolution
		{D672FD1A-8C67-4D35-A37B-2D42C76EF8AF}.Debug|Any CPU.ActiveCfg = Debug|Any CPU
		{D672FD1A-8C67-4D35-A37B-2D42C76EF8AF}.Debug|Any CPU.Build.0 = Debug|Any CPU
		{D672FD1A-8C67-4D35-A37B-2D42C76EF8AF}.Release|Any CPU.ActiveCfg = Release|Any CPU
		{D672FD1A-8C67-4D35-A37B-2D42C76EF8AF}.Release|Any CPU.Build.0 = Release|Any CPU
		{27B84507-45D3-4839-93CF-2E8C2CB1AC14}.Debug|Any CPU.ActiveCfg = Debug|Any CPU
		{27B84507-45D3-4839-93CF-2E8C2CB1AC14}.Debug|Any CPU.Build.0 = Debug|Any CPU
		{27B84507-45D3-4839-93CF-2E8C2CB1AC14}.Release|Any CPU.ActiveCfg = Release|Any CPU
		{27B84507-45D3-4839-93CF-2E8C2CB1AC14}.Release|Any CPU.Build.0 = Release|Any CPU
		{FA9DD141-690E-4C04-8B9D-15F32908650E}.Debug|Any CPU.ActiveCfg = Debug|Any CPU
		{FA9DD141-690E-4C04-8B9D-15F32908650E}.Debug|Any CPU.Build.0 = Debug|Any CPU
		{FA9DD141-690E-4C04-8B9D-15F32908650E}.Release|Any CPU.ActiveCfg = Release|Any CPU
		{FA9DD141-690E-4C04-8B9D-15F32908650E}.Release|Any CPU.Build.0 = Release|Any CPU
		{AFCC32FF-5A69-41FD-AE7A-65C6A3634C6B}.Debug|Any CPU.ActiveCfg = Debug|Any CPU
		{AFCC32FF-5A69-41FD-AE7A-65C6A3634C6B}.Debug|Any CPU.Build.0 = Debug|Any CPU
		{AFCC32FF-5A69-41FD-AE7A-65C6A3634C6B}.Release|Any CPU.ActiveCfg = Release|Any CPU
		{AFCC32FF-5A69-41FD-AE7A-65C6A3634C6B}.Release|Any CPU.Build.0 = Release|Any CPU
		{F273DBCB-1712-4E37-A017-2F99C7671EA6}.Debug|Any CPU.ActiveCfg = Debug|Any CPU
		{F273DBCB-1712-4E37-A017-2F99C7671EA6}.Debug|Any CPU.Build.0 = Debug|Any CPU
		{F273DBCB-1712-4E37-A017-2F99C7671EA6}.Release|Any CPU.ActiveCfg = Release|Any CPU
		{F273DBCB-1712-4E37-A017-2F99C7671EA6}.Release|Any CPU.Build.0 = Release|Any CPU
		{1844CDC9-D7DE-462F-B864-237BA92E472B}.Debug|Any CPU.ActiveCfg = Debug|Any CPU
		{1844CDC9-D7DE-462F-B864-237BA92E472B}.Debug|Any CPU.Build.0 = Debug|Any CPU
		{1844CDC9-D7DE-462F-B864-237BA92E472B}.Release|Any CPU.ActiveCfg = Release|Any CPU
		{1844CDC9-D7DE-462F-B864-237BA92E472B}.Release|Any CPU.Build.0 = Release|Any CPU
		{8E0EE3AE-DB20-47DA-8F98-07DEEDA67836}.Debug|Any CPU.ActiveCfg = Debug|Any CPU
		{8E0EE3AE-DB20-47DA-8F98-07DEEDA67836}.Debug|Any CPU.Build.0 = Debug|Any CPU
		{8E0EE3AE-DB20-47DA-8F98-07DEEDA67836}.Release|Any CPU.ActiveCfg = Release|Any CPU
		{8E0EE3AE-DB20-47DA-8F98-07DEEDA67836}.Release|Any CPU.Build.0 = Release|Any CPU
		{988D0997-5799-4239-BECF-E5EFF885C9FC}.Debug|Any CPU.ActiveCfg = Debug|Any CPU
		{988D0997-5799-4239-BECF-E5EFF885C9FC}.Debug|Any CPU.Build.0 = Debug|Any CPU
		{988D0997-5799-4239-BECF-E5EFF885C9FC}.Release|Any CPU.ActiveCfg = Release|Any CPU
		{988D0997-5799-4239-BECF-E5EFF885C9FC}.Release|Any CPU.Build.0 = Release|Any CPU
		{FCF51110-49F3-41BD-94D5-6CA34A4336E3}.Debug|Any CPU.ActiveCfg = Debug|Any CPU
		{FCF51110-49F3-41BD-94D5-6CA34A4336E3}.Debug|Any CPU.Build.0 = Debug|Any CPU
		{FCF51110-49F3-41BD-94D5-6CA34A4336E3}.Release|Any CPU.ActiveCfg = Release|Any CPU
		{FCF51110-49F3-41BD-94D5-6CA34A4336E3}.Release|Any CPU.Build.0 = Release|Any CPU
		{FB862315-4726-468E-BAAD-66EE0F462AB3}.Debug|Any CPU.ActiveCfg = Debug|Any CPU
		{FB862315-4726-468E-BAAD-66EE0F462AB3}.Debug|Any CPU.Build.0 = Debug|Any CPU
		{FB862315-4726-468E-BAAD-66EE0F462AB3}.Release|Any CPU.ActiveCfg = Release|Any CPU
		{FB862315-4726-468E-BAAD-66EE0F462AB3}.Release|Any CPU.Build.0 = Release|Any CPU
		{1FF7D2E8-BEE5-4516-A942-A6122A21FCCF}.Debug|Any CPU.ActiveCfg = Debug|Any CPU
		{1FF7D2E8-BEE5-4516-A942-A6122A21FCCF}.Debug|Any CPU.Build.0 = Debug|Any CPU
		{1FF7D2E8-BEE5-4516-A942-A6122A21FCCF}.Release|Any CPU.ActiveCfg = Release|Any CPU
		{1FF7D2E8-BEE5-4516-A942-A6122A21FCCF}.Release|Any CPU.Build.0 = Release|Any CPU
	EndGlobalSection
	GlobalSection(SolutionProperties) = preSolution
		HideSolutionNode = FALSE
	EndGlobalSection
	GlobalSection(NestedProjects) = preSolution
		{D672FD1A-8C67-4D35-A37B-2D42C76EF8AF} = {B4F62E25-C3DB-4463-BD46-4B7E3FAFB640}
		{27B84507-45D3-4839-93CF-2E8C2CB1AC14} = {B4F62E25-C3DB-4463-BD46-4B7E3FAFB640}
		{FA9DD141-690E-4C04-8B9D-15F32908650E} = {B4F62E25-C3DB-4463-BD46-4B7E3FAFB640}
		{AFCC32FF-5A69-41FD-AE7A-65C6A3634C6B} = {B4F62E25-C3DB-4463-BD46-4B7E3FAFB640}
		{F273DBCB-1712-4E37-A017-2F99C7671EA6} = {D33B14BB-33F2-423F-B99B-63D08A84AB17}
		{1844CDC9-D7DE-462F-B864-237BA92E472B} = {D33B14BB-33F2-423F-B99B-63D08A84AB17}
		{8E0EE3AE-DB20-47DA-8F98-07DEEDA67836} = {D33B14BB-33F2-423F-B99B-63D08A84AB17}
		{988D0997-5799-4239-BECF-E5EFF885C9FC} = {D33B14BB-33F2-423F-B99B-63D08A84AB17}
		{FCF51110-49F3-41BD-94D5-6CA34A4336E3} = {D33B14BB-33F2-423F-B99B-63D08A84AB17}
		{FB862315-4726-468E-BAAD-66EE0F462AB3} = {D33B14BB-33F2-423F-B99B-63D08A84AB17}
		{1FF7D2E8-BEE5-4516-A942-A6122A21FCCF} = {69D51ECA-2889-4DD4-AFD4-0FCACB826C4F}
	EndGlobalSection
	GlobalSection(ExtensibilityGlobals) = postSolution
		SolutionGuid = {1C1BE974-F737-47B7-9236-462D49F77BFB}
	EndGlobalSection
EndGlobal
