
Microsoft Visual Studio Solution File, Format Version 11.00
# Visual Studio 2010
Project("{FAE04EC0-301F-11D3-BF4B-00C04F79EFBC}") = "Unity3d", "Assembly-CSharp-firstpass.csproj", "{C74E3ABF-DD69-071B-887D-860AA31888B9}"
EndProject
Project("{FAE04EC0-301F-11D3-BF4B-00C04F79EFBC}") = "Unity3d", "Assembly-CSharp.csproj", "{1B2E372E-56BF-8928-EE78-7459F7DD4344}"
EndProject
Project("{FAE04EC0-301F-11D3-BF4B-00C04F79EFBC}") = "Unity3d", "Assembly-CSharp-Editor.csproj", "{FC697D0C-AC1B-BE4C-837E-5F07E11298F8}"
EndProject
Global
	GlobalSection(SolutionConfigurationPlatforms) = preSolution
		Debug|Any CPU = Debug|Any CPU
		Release|Any CPU = Release|Any CPU
	EndGlobalSection
	GlobalSection(ProjectConfigurationPlatforms) = postSolution
		{C74E3ABF-DD69-071B-887D-860AA31888B9}.Debug|Any CPU.ActiveCfg = Debug|Any CPU
		{C74E3ABF-DD69-071B-887D-860AA31888B9}.Debug|Any CPU.Build.0 = Debug|Any CPU
		{C74E3ABF-DD69-071B-887D-860AA31888B9}.Release|Any CPU.ActiveCfg = Release|Any CPU
		{C74E3ABF-DD69-071B-887D-860AA31888B9}.Release|Any CPU.Build.0 = Release|Any CPU
		{1B2E372E-56BF-8928-EE78-7459F7DD4344}.Debug|Any CPU.ActiveCfg = Debug|Any CPU
		{1B2E372E-56BF-8928-EE78-7459F7DD4344}.Debug|Any CPU.Build.0 = Debug|Any CPU
		{1B2E372E-56BF-8928-EE78-7459F7DD4344}.Release|Any CPU.ActiveCfg = Release|Any CPU
		{1B2E372E-56BF-8928-EE78-7459F7DD4344}.Release|Any CPU.Build.0 = Release|Any CPU
		{FC697D0C-AC1B-BE4C-837E-5F07E11298F8}.Debug|Any CPU.ActiveCfg = Debug|Any CPU
		{FC697D0C-AC1B-BE4C-837E-5F07E11298F8}.Debug|Any CPU.Build.0 = Debug|Any CPU
		{FC697D0C-AC1B-BE4C-837E-5F07E11298F8}.Release|Any CPU.ActiveCfg = Release|Any CPU
		{FC697D0C-AC1B-BE4C-837E-5F07E11298F8}.Release|Any CPU.Build.0 = Release|Any CPU
	EndGlobalSection
	GlobalSection(SolutionProperties) = preSolution
		HideSolutionNode = FALSE
	EndGlobalSection
	GlobalSection(MonoDevelopProperties) = preSolution
		StartupItem = Assembly-CSharp.csproj
	EndGlobalSection
EndGlobal
